// !$*UTF8*$!
{
	archiveVersion = 1;
	classes = {
	};
	objectVersion = 56;
	objects = {

/* Begin PBXBuildFile section */
		CE04D09C2B0CCEE600543C94 /* AppDelegate.swift in Sources */ = {isa = PBXBuildFile; fileRef = CE04D09B2B0CCEE600543C94 /* AppDelegate.swift */; };
		CE04D09E2B0CCEE600543C94 /* SceneDelegate.swift in Sources */ = {isa = PBXBuildFile; fileRef = CE04D09D2B0CCEE600543C94 /* SceneDelegate.swift */; };
		CE04D0A02B0CCEE600543C94 /* ViewController.swift in Sources */ = {isa = PBXBuildFile; fileRef = CE04D09F2B0CCEE600543C94 /* ViewController.swift */; };
		CE04D0A32B0CCEE600543C94 /* Main.storyboard in Resources */ = {isa = PBXBuildFile; fileRef = CE04D0A12B0CCEE600543C94 /* Main.storyboard */; };
		CE04D0A52B0CCEE800543C94 /* Assets.xcassets in Resources */ = {isa = PBXBuildFile; fileRef = CE04D0A42B0CCEE800543C94 /* Assets.xcassets */; };
		CE04D0A82B0CCEE800543C94 /* LaunchScreen.storyboard in Resources */ = {isa = PBXBuildFile; fileRef = CE04D0A62B0CCEE800543C94 /* LaunchScreen.storyboard */; };
		CE04D0B02B0CCF3200543C94 /* MapViewController.swift in Sources */ = {isa = PBXBuildFile; fileRef = CE04D0AF2B0CCF3200543C94 /* MapViewController.swift */; };
		CE04D0B42B0CD1C900543C94 /* Day.swift in Sources */ = {isa = PBXBuildFile; fileRef = CE04D0B32B0CD1C900543C94 /* Day.swift */; };
		CE04D0B62B0CDD5800543C94 /* Location.swift in Sources */ = {isa = PBXBuildFile; fileRef = CE04D0B52B0CDD5800543C94 /* Location.swift */; };
/* End PBXBuildFile section */

/* Begin PBXFileReference section */
		CE04D0982B0CCEE600543C94 /* LocationCalendar.app */ = {isa = PBXFileReference; explicitFileType = wrapper.application; includeInIndex = 0; path = LocationCalendar.app; sourceTree = BUILT_PRODUCTS_DIR; };
		CE04D09B2B0CCEE600543C94 /* AppDelegate.swift */ = {isa = PBXFileReference; lastKnownFileType = sourcecode.swift; path = AppDelegate.swift; sourceTree = "<group>"; };
		CE04D09D2B0CCEE600543C94 /* SceneDelegate.swift */ = {isa = PBXFileReference; lastKnownFileType = sourcecode.swift; path = SceneDelegate.swift; sourceTree = "<group>"; };
		CE04D09F2B0CCEE600543C94 /* ViewController.swift */ = {isa = PBXFileReference; lastKnownFileType = sourcecode.swift; path = ViewController.swift; sourceTree = "<group>"; };
		CE04D0A22B0CCEE600543C94 /* Base */ = {isa = PBXFileReference; lastKnownFileType = file.storyboard; name = Base; path = Base.lproj/Main.storyboard; sourceTree = "<group>"; };
		CE04D0A42B0CCEE800543C94 /* Assets.xcassets */ = {isa = PBXFileReference; lastKnownFileType = folder.assetcatalog; path = Assets.xcassets; sourceTree = "<group>"; };
		CE04D0A72B0CCEE800543C94 /* Base */ = {isa = PBXFileReference; lastKnownFileType = file.storyboard; name = Base; path = Base.lproj/LaunchScreen.storyboard; sourceTree = "<group>"; };
		CE04D0A92B0CCEE800543C94 /* Info.plist */ = {isa = PBXFileReference; lastKnownFileType = text.plist.xml; path = Info.plist; sourceTree = "<group>"; };
		CE04D0AF2B0CCF3200543C94 /* MapViewController.swift */ = {isa = PBXFileReference; lastKnownFileType = sourcecode.swift; path = MapViewController.swift; sourceTree = "<group>"; };
		CE04D0B32B0CD1C900543C94 /* Day.swift */ = {isa = PBXFileReference; lastKnownFileType = sourcecode.swift; path = Day.swift; sourceTree = "<group>"; };
		CE04D0B52B0CDD5800543C94 /* Location.swift */ = {isa = PBXFileReference; lastKnownFileType = sourcecode.swift; path = Location.swift; sourceTree = "<group>"; };
/* End PBXFileReference section */

/* Begin PBXFrameworksBuildPhase section */
		CE04D0952B0CCEE600543C94 /* Frameworks */ = {
			isa = PBXFrameworksBuildPhase;
			buildActionMask = 2147483647;
			files = (
			);
			runOnlyForDeploymentPostprocessing = 0;
		};
/* End PBXFrameworksBuildPhase section */

/* Begin PBXGroup section */
		CE04D08F2B0CCEE600543C94 = {
			isa = PBXGroup;
			children = (
				CE04D09A2B0CCEE600543C94 /* LocationCalendar */,
				CE04D0992B0CCEE600543C94 /* Products */,
			);
			sourceTree = "<group>";
		};
		CE04D0992B0CCEE600543C94 /* Products */ = {
			isa = PBXGroup;
			children = (
				CE04D0982B0CCEE600543C94 /* LocationCalendar.app */,
			);
			name = Products;
			sourceTree = "<group>";
		};
		CE04D09A2B0CCEE600543C94 /* LocationCalendar */ = {
			isa = PBXGroup;
			children = (
				CE04D09B2B0CCEE600543C94 /* AppDelegate.swift */,
				CE04D09D2B0CCEE600543C94 /* SceneDelegate.swift */,
				CE04D09F2B0CCEE600543C94 /* ViewController.swift */,
				CE04D0AF2B0CCF3200543C94 /* MapViewController.swift */,
				CE04D0B32B0CD1C900543C94 /* Day.swift */,
				CE04D0B52B0CDD5800543C94 /* Location.swift */,
				CE04D0A12B0CCEE600543C94 /* Main.storyboard */,
				CE04D0A42B0CCEE800543C94 /* Assets.xcassets */,
				CE04D0A62B0CCEE800543C94 /* LaunchScreen.storyboard */,
				CE04D0A92B0CCEE800543C94 /* Info.plist */,
			);
			path = LocationCalendar;
			sourceTree = "<group>";
		};
/* End PBXGroup section */

/* Begin PBXNativeTarget section */
		CE04D0972B0CCEE600543C94 /* LocationCalendar */ = {
			isa = PBXNativeTarget;
			buildConfigurationList = CE04D0AC2B0CCEE800543C94 /* Build configuration list for PBXNativeTarget "LocationCalendar" */;
			buildPhases = (
				CE04D0942B0CCEE600543C94 /* Sources */,
				CE04D0952B0CCEE600543C94 /* Frameworks */,
				CE04D0962B0CCEE600543C94 /* Resources */,
			);
			buildRules = (
			);
			dependencies = (
			);
			name = LocationCalendar;
			productName = LocationCalendar;
			productReference = CE04D0982B0CCEE600543C94 /* LocationCalendar.app */;
			productType = "com.apple.product-type.application";
		};
/* End PBXNativeTarget section */

/* Begin PBXProject section */
		CE04D0902B0CCEE600543C94 /* Project object */ = {
			isa = PBXProject;
			attributes = {
				BuildIndependentTargetsInParallel = 1;
				LastSwiftUpdateCheck = 1500;
				LastUpgradeCheck = 1500;
				TargetAttributes = {
					CE04D0972B0CCEE600543C94 = {
						CreatedOnToolsVersion = 15.0.1;
					};
				};
			};
			buildConfigurationList = CE04D0932B0CCEE600543C94 /* Build configuration list for PBXProject "LocationCalendar" */;
			compatibilityVersion = "Xcode 14.0";
			developmentRegion = en;
			hasScannedForEncodings = 0;
			knownRegions = (
				en,
				Base,
			);
			mainGroup = CE04D08F2B0CCEE600543C94;
			productRefGroup = CE04D0992B0CCEE600543C94 /* Products */;
			projectDirPath = "";
			projectRoot = "";
			targets = (
				CE04D0972B0CCEE600543C94 /* LocationCalendar */,
			);
		};
/* End PBXProject section */

/* Begin PBXResourcesBuildPhase section */
		CE04D0962B0CCEE600543C94 /* Resources */ = {
			isa = PBXResourcesBuildPhase;
			buildActionMask = 2147483647;
			files = (
				CE04D0A82B0CCEE800543C94 /* LaunchScreen.storyboard in Resources */,
				CE04D0A52B0CCEE800543C94 /* Assets.xcassets in Resources */,
				CE04D0A32B0CCEE600543C94 /* Main.storyboard in Resources */,
			);
			runOnlyForDeploymentPostprocessing = 0;
		};
/* End PBXResourcesBuildPhase section */

/* Begin PBXSourcesBuildPhase section */
		CE04D0942B0CCEE600543C94 /* Sources */ = {
			isa = PBXSourcesBuildPhase;
			buildActionMask = 2147483647;
			files = (
				CE04D0A02B0CCEE600543C94 /* ViewController.swift in Sources */,
				CE04D09C2B0CCEE600543C94 /* AppDelegate.swift in Sources */,
				CE04D09E2B0CCEE600543C94 /* SceneDelegate.swift in Sources */,
				CE04D0B42B0CD1C900543C94 /* Day.swift in Sources */,
				CE04D0B62B0CDD5800543C94 /* Location.swift in Sources */,
				CE04D0B02B0CCF3200543C94 /* MapViewController.swift in Sources */,
			);
			runOnlyForDeploymentPostprocessing = 0;
		};
/* End PBXSourcesBuildPhase section */

/* Begin PBXVariantGroup section */
		CE04D0A12B0CCEE600543C94 /* Main.storyboard */ = {
			isa = PBXVariantGroup;
			children = (
				CE04D0A22B0CCEE600543C94 /* Base */,
			);
			name = Main.storyboard;
			sourceTree = "<group>";
		};
		CE04D0A62B0CCEE800543C94 /* LaunchScreen.storyboard */ = {
			isa = PBXVariantGroup;
			children = (
				CE04D0A72B0CCEE800543C94 /* Base */,
			);
			name = LaunchScreen.storyboard;
			sourceTree = "<group>";
		};
/* End PBXVariantGroup section */

/* Begin XCBuildConfiguration section */
		CE04D0AA2B0CCEE800543C94 /* Debug */ = {
			isa = XCBuildConfiguration;
			buildSettings = {
				ALWAYS_SEARCH_USER_PATHS = NO;
				ASSETCATALOG_COMPILER_GENERATE_SWIFT_ASSET_SYMBOL_EXTENSIONS = YES;
				CLANG_ANALYZER_NONNULL = YES;
				CLANG_ANALYZER_NUMBER_OBJECT_CONVERSION = YES_AGGRESSIVE;
				CLANG_CXX_LANGUAGE_STANDARD = "gnu++20";
				CLANG_ENABLE_MODULES = YES;
				CLANG_ENABLE_OBJC_ARC = YES;
				CLANG_ENABLE_OBJC_WEAK = YES;
				CLANG_WARN_BLOCK_CAPTURE_AUTORELEASING = YES;
				CLANG_WARN_BOOL_CONVERSION = YES;
				CLANG_WARN_COMMA = YES;
				CLANG_WARN_CONSTANT_CONVERSION = YES;
				CLANG_WARN_DEPRECATED_OBJC_IMPLEMENTATIONS = YES;
				CLANG_WARN_DIRECT_OBJC_ISA_USAGE = YES_ERROR;
				CLANG_WARN_DOCUMENTATION_COMMENTS = YES;
				CLANG_WARN_EMPTY_BODY = YES;
				CLANG_WARN_ENUM_CONVERSION = YES;
				CLANG_WARN_INFINITE_RECURSION = YES;
				CLANG_WARN_INT_CONVERSION = YES;
				CLANG_WARN_NON_LITERAL_NULL_CONVERSION = YES;
				CLANG_WARN_OBJC_IMPLICIT_RETAIN_SELF = YES;
				CLANG_WARN_OBJC_LITERAL_CONVERSION = YES;
				CLANG_WARN_OBJC_ROOT_CLASS = YES_ERROR;
				CLANG_WARN_QUOTED_INCLUDE_IN_FRAMEWORK_HEADER = YES;
				CLANG_WARN_RANGE_LOOP_ANALYSIS = YES;
				CLANG_WARN_STRICT_PROTOTYPES = YES;
				CLANG_WARN_SUSPICIOUS_MOVE = YES;
				CLANG_WARN_UNGUARDED_AVAILABILITY = YES_AGGRESSIVE;
				CLANG_WARN_UNREACHABLE_CODE = YES;
				CLANG_WARN__DUPLICATE_METHOD_MATCH = YES;
				COPY_PHASE_STRIP = NO;
				DEBUG_INFORMATION_FORMAT = dwarf;
				ENABLE_STRICT_OBJC_MSGSEND = YES;
				ENABLE_TESTABILITY = YES;
				ENABLE_USER_SCRIPT_SANDBOXING = YES;
				GCC_C_LANGUAGE_STANDARD = gnu17;
				GCC_DYNAMIC_NO_PIC = NO;
				GCC_NO_COMMON_BLOCKS = YES;
				GCC_OPTIMIZATION_LEVEL = 0;
				GCC_PREPROCESSOR_DEFINITIONS = (
					"DEBUG=1",
					"$(inherited)",
				);
				GCC_WARN_64_TO_32_BIT_CONVERSION = YES;
				GCC_WARN_ABOUT_RETURN_TYPE = YES_ERROR;
				GCC_WARN_UNDECLARED_SELECTOR = YES;
				GCC_WARN_UNINITIALIZED_AUTOS = YES_AGGRESSIVE;
				GCC_WARN_UNUSED_FUNCTION = YES;
				GCC_WARN_UNUSED_VARIABLE = YES;
				IPHONEOS_DEPLOYMENT_TARGET = 17.0;
				LOCALIZATION_PREFERS_STRING_CATALOGS = YES;
				MTL_ENABLE_DEBUG_INFO = INCLUDE_SOURCE;
				MTL_FAST_MATH = YES;
				ONLY_ACTIVE_ARCH = YES;
				SDKROOT = iphoneos;
				SWIFT_ACTIVE_COMPILATION_CONDITIONS = "DEBUG $(inherited)";
				SWIFT_OPTIMIZATION_LEVEL = "-Onone";
			};
			name = Debug;
		};
		CE04D0AB2B0CCEE800543C94 /* Release */ = {
			isa = XCBuildConfiguration;
			buildSettings = {
				ALWAYS_SEARCH_USER_PATHS = NO;
				ASSETCATALOG_COMPILER_GENERATE_SWIFT_ASSET_SYMBOL_EXTENSIONS = YES;
				CLANG_ANALYZER_NONNULL = YES;
				CLANG_ANALYZER_NUMBER_OBJECT_CONVERSION = YES_AGGRESSIVE;
				CLANG_CXX_LANGUAGE_STANDARD = "gnu++20";
				CLANG_ENABLE_MODULES = YES;
				CLANG_ENABLE_OBJC_ARC = YES;
				CLANG_ENABLE_OBJC_WEAK = YES;
				CLANG_WARN_BLOCK_CAPTURE_AUTORELEASING = YES;
				CLANG_WARN_BOOL_CONVERSION = YES;
				CLANG_WARN_COMMA = YES;
				CLANG_WARN_CONSTANT_CONVERSION = YES;
				CLANG_WARN_DEPRECATED_OBJC_IMPLEMENTATIONS = YES;
				CLANG_WARN_DIRECT_OBJC_ISA_USAGE = YES_ERROR;
				CLANG_WARN_DOCUMENTATION_COMMENTS = YES;
				CLANG_WARN_EMPTY_BODY = YES;
				CLANG_WARN_ENUM_CONVERSION = YES;
				CLANG_WARN_INFINITE_RECURSION = YES;
				CLANG_WARN_INT_CONVERSION = YES;
				CLANG_WARN_NON_LITERAL_NULL_CONVERSION = YES;
				CLANG_WARN_OBJC_IMPLICIT_RETAIN_SELF = YES;
				CLANG_WARN_OBJC_LITERAL_CONVERSION = YES;
				CLANG_WARN_OBJC_ROOT_CLASS = YES_ERROR;
				CLANG_WARN_QUOTED_INCLUDE_IN_FRAMEWORK_HEADER = YES;
				CLANG_WARN_RANGE_LOOP_ANALYSIS = YES;
				CLANG_WARN_STRICT_PROTOTYPES = YES;
				CLANG_WARN_SUSPICIOUS_MOVE = YES;
				CLANG_WARN_UNGUARDED_AVAILABILITY = YES_AGGRESSIVE;
				CLANG_WARN_UNREACHABLE_CODE = YES;
				CLANG_WARN__DUPLICATE_METHOD_MATCH = YES;
				COPY_PHASE_STRIP = NO;
				DEBUG_INFORMATION_FORMAT = "dwarf-with-dsym";
				ENABLE_NS_ASSERTIONS = NO;
				ENABLE_STRICT_OBJC_MSGSEND = YES;
				ENABLE_USER_SCRIPT_SANDBOXING = YES;
				GCC_C_LANGUAGE_STANDARD = gnu17;
				GCC_NO_COMMON_BLOCKS = YES;
				GCC_WARN_64_TO_32_BIT_CONVERSION = YES;
				GCC_WARN_ABOUT_RETURN_TYPE = YES_ERROR;
				GCC_WARN_UNDECLARED_SELECTOR = YES;
				GCC_WARN_UNINITIALIZED_AUTOS = YES_AGGRESSIVE;
				GCC_WARN_UNUSED_FUNCTION = YES;
				GCC_WARN_UNUSED_VARIABLE = YES;
				IPHONEOS_DEPLOYMENT_TARGET = 17.0;
				LOCALIZATION_PREFERS_STRING_CATALOGS = YES;
				MTL_ENABLE_DEBUG_INFO = NO;
				MTL_FAST_MATH = YES;
				SDKROOT = iphoneos;
				SWIFT_COMPILATION_MODE = wholemodule;
				VALIDATE_PRODUCT = YES;
			};
			name = Release;
		};
		CE04D0AD2B0CCEE800543C94 /* Debug */ = {
			isa = XCBuildConfiguration;
			buildSettings = {
				ASSETCATALOG_COMPILER_APPICON_NAME = AppIcon;
				ASSETCATALOG_COMPILER_GLOBAL_ACCENT_COLOR_NAME = AccentColor;
				CODE_SIGN_STYLE = Automatic;
				CURRENT_PROJECT_VERSION = 1;
				DEVELOPMENT_TEAM = 3KLAPSG7T4;
				GENERATE_INFOPLIST_FILE = YES;
				INFOPLIST_FILE = LocationCalendar/Info.plist;
				INFOPLIST_KEY_NSLocationAlwaysAndWhenInUseUsageDescription = "We need to track your location in order to fill up the calendar.";
				INFOPLIST_KEY_NSLocationAlwaysUsageDescription = "We need to track your location in order to fill up the calendar.";
				INFOPLIST_KEY_NSLocationWhenInUseUsageDescription = "We need to track your location in order to fill up the calendar.";
				INFOPLIST_KEY_UIApplicationSupportsIndirectInputEvents = YES;
				INFOPLIST_KEY_UILaunchStoryboardName = LaunchScreen;
				INFOPLIST_KEY_UIMainStoryboardFile = Main;
				INFOPLIST_KEY_UISupportedInterfaceOrientations = UIInterfaceOrientationPortrait;
				INFOPLIST_KEY_UISupportedInterfaceOrientations_iPad = "UIInterfaceOrientationLandscapeLeft UIInterfaceOrientationLandscapeRight UIInterfaceOrientationPortrait UIInterfaceOrientationPortraitUpsideDown";
				LD_RUNPATH_SEARCH_PATHS = (
					"$(inherited)",
					"@executable_path/Frameworks",
				);
				MARKETING_VERSION = 1.0;
				PRODUCT_BUNDLE_IDENTIFIER = com.example.LocationCalendar;
				PRODUCT_NAME = "$(TARGET_NAME)";
				SWIFT_EMIT_LOC_STRINGS = YES;
				SWIFT_VERSION = 5.0;
				TARGETED_DEVICE_FAMILY = "1,2";
			};
			name = Debug;
		};
		CE04D0AE2B0CCEE800543C94 /* Release */ = {
			isa = XCBuildConfiguration;
			buildSettings = {
				ASSETCATALOG_COMPILER_APPICON_NAME = AppIcon;
				ASSETCATALOG_COMPILER_GLOBAL_ACCENT_COLOR_NAME = AccentColor;
				CODE_SIGN_STYLE = Automatic;
				CURRENT_PROJECT_VERSION = 1;
				DEVELOPMENT_TEAM = 3KLAPSG7T4;
				GENERATE_INFOPLIST_FILE = YES;
				INFOPLIST_FILE = LocationCalendar/Info.plist;
				INFOPLIST_KEY_NSLocationAlwaysAndWhenInUseUsageDescription = "We need to track your location in order to fill up the calendar.";
				INFOPLIST_KEY_NSLocationAlwaysUsageDescription = "We need to track your location in order to fill up the calendar.";
				INFOPLIST_KEY_NSLocationWhenInUseUsageDescription = "We need to track your location in order to fill up the calendar.";
				INFOPLIST_KEY_UIApplicationSupportsIndirectInputEvents = YES;
				INFOPLIST_KEY_UILaunchStoryboardName = LaunchScreen;
				INFOPLIST_KEY_UIMainStoryboardFile = Main;
				INFOPLIST_KEY_UISupportedInterfaceOrientations = UIInterfaceOrientationPortrait;
				INFOPLIST_KEY_UISupportedInterfaceOrientations_iPad = "UIInterfaceOrientationLandscapeLeft UIInterfaceOrientationLandscapeRight UIInterfaceOrientationPortrait UIInterfaceOrientationPortraitUpsideDown";
				LD_RUNPATH_SEARCH_PATHS = (
					"$(inherited)",
					"@executable_path/Frameworks",
				);
				MARKETING_VERSION = 1.0;
				PRODUCT_BUNDLE_IDENTIFIER = com.example.LocationCalendar;
				PRODUCT_NAME = "$(TARGET_NAME)";
				SWIFT_EMIT_LOC_STRINGS = YES;
				SWIFT_VERSION = 5.0;
				TARGETED_DEVICE_FAMILY = "1,2";
			};
			name = Release;
		};
/* End XCBuildConfiguration section */

/* Begin XCConfigurationList section */
		CE04D0932B0CCEE600543C94 /* Build configuration list for PBXProject "LocationCalendar" */ = {
			isa = XCConfigurationList;
			buildConfigurations = (
				CE04D0AA2B0CCEE800543C94 /* Debug */,
				CE04D0AB2B0CCEE800543C94 /* Release */,
			);
			defaultConfigurationIsVisible = 0;
			defaultConfigurationName = Release;
		};
		CE04D0AC2B0CCEE800543C94 /* Build configuration list for PBXNativeTarget "LocationCalendar" */ = {
			isa = XCConfigurationList;
			buildConfigurations = (
				CE04D0AD2B0CCEE800543C94 /* Debug */,
				CE04D0AE2B0CCEE800543C94 /* Release */,
			);
			defaultConfigurationIsVisible = 0;
			defaultConfigurationName = Release;
		};
/* End XCConfigurationList section */
	};
	rootObject = CE04D0902B0CCEE600543C94 /* Project object */;
}
